
Microsoft Visual Studio Solution File, Format Version 12.00
# Visual Studio Version 17
VisualStudioVersion = 17.5.33516.290
MinimumVisualStudioVersion = 10.0.40219.1
Project("{FAE04EC0-301F-11D3-BF4B-00C04F79EFBC}") = "Refacto.DotNet.Controllers", "Refacto.DotNet.Controllers\Refacto.DotNet.Controllers.csproj", "{959D9DCF-CEDF-4C78-864D-8FAF9C273670}"
EndProject
Project("{FAE04EC0-301F-11D3-BF4B-00C04F79EFBC}") = "Refacto.Dotnet.Controllers.Tests", "Refacto.Dotnet.Controllers.Tests\Refacto.Dotnet.Controllers.Tests.csproj", "{D94EB8F1-7263-46EB-888F-CDFD98945776}"
EndProject
Global
	GlobalSection(SolutionConfigurationPlatforms) = preSolution
		Debug|Any CPU = Debug|Any CPU
		Release|Any CPU = Release|Any CPU
	EndGlobalSection
	GlobalSection(ProjectConfigurationPlatforms) = postSolution
		{959D9DCF-CEDF-4C78-864D-8FAF9C273670}.Debug|Any CPU.ActiveCfg = Debug|Any CPU
		{959D9DCF-CEDF-4C78-864D-8FAF9C273670}.Debug|Any CPU.Build.0 = Debug|Any CPU
		{959D9DCF-CEDF-4C78-864D-8FAF9C273670}.Release|Any CPU.ActiveCfg = Release|Any CPU
		{959D9DCF-CEDF-4C78-864D-8FAF9C273670}.Release|Any CPU.Build.0 = Release|Any CPU
		{D94EB8F1-7263-46EB-888F-CDFD98945776}.Debug|Any CPU.ActiveCfg = Debug|Any CPU
		{D94EB8F1-7263-46EB-888F-CDFD98945776}.Debug|Any CPU.Build.0 = Debug|Any CPU
		{D94EB8F1-7263-46EB-888F-CDFD98945776}.Release|Any CPU.ActiveCfg = Release|Any CPU
		{D94EB8F1-7263-46EB-888F-CDFD98945776}.Release|Any CPU.Build.0 = Release|Any CPU
	EndGlobalSection
	GlobalSection(SolutionProperties) = preSolution
		HideSolutionNode = FALSE
	EndGlobalSection
	GlobalSection(ExtensibilityGlobals) = postSolution
		SolutionGuid = {1042333D-EEEE-45D7-B5A3-26B4638801A3}
	EndGlobalSection
EndGlobal
